// !$*UTF8*$!
{
	archiveVersion = 1;
	classes = {
	};
	objectVersion = 46;
	objects = {

/* Begin PBXBuildFile section */
		B159C4321E093B4100520E53 /* Person.swift in Sources */ = {isa = PBXBuildFile; fileRef = B159C4311E093B4100520E53 /* Person.swift */; };
		B15B48211E0B5E7E00B3C525 /* Random.swift in Sources */ = {isa = PBXBuildFile; fileRef = B15B48201E0B5E7E00B3C525 /* Random.swift */; };
		B15B48291E0B698100B3C525 /* KlotskiTests.swift in Sources */ = {isa = PBXBuildFile; fileRef = B15B48281E0B698100B3C525 /* KlotskiTests.swift */; };
		B15B48301E0B6A6A00B3C525 /* AI.swift in Sources */ = {isa = PBXBuildFile; fileRef = B1A1EF531DE1D51700AECC0D /* AI.swift */; };
		B15B48311E0B6A6D00B3C525 /* Person.swift in Sources */ = {isa = PBXBuildFile; fileRef = B159C4311E093B4100520E53 /* Person.swift */; };
		B15B48321E0B6A7000B3C525 /* Layout.swift in Sources */ = {isa = PBXBuildFile; fileRef = B1A1EF511DE1D2B500AECC0D /* Layout.swift */; };
		B15B48331E0B6A7300B3C525 /* Random.swift in Sources */ = {isa = PBXBuildFile; fileRef = B15B48201E0B5E7E00B3C525 /* Random.swift */; };
		B15B48341E0B6A9300B3C525 /* SwiftyQueue.swift in Sources */ = {isa = PBXBuildFile; fileRef = B1A1EF551DE1DC5D00AECC0D /* SwiftyQueue.swift */; };
		B18C49D11E0C3A030052E5ED /* RawAI.swift in Sources */ = {isa = PBXBuildFile; fileRef = B18C49D01E0C3A020052E5ED /* RawAI.swift */; };
		B18C49D31E0C4E430052E5ED /* Block.swift in Sources */ = {isa = PBXBuildFile; fileRef = B18C49D21E0C4E430052E5ED /* Block.swift */; };
		B18C49D41E0C4E430052E5ED /* Block.swift in Sources */ = {isa = PBXBuildFile; fileRef = B18C49D21E0C4E430052E5ED /* Block.swift */; };
		B195E2D81DDC5A4A0042B95B /* AppDelegate.swift in Sources */ = {isa = PBXBuildFile; fileRef = B195E2D71DDC5A4A0042B95B /* AppDelegate.swift */; };
		B195E2DA1DDC5A4A0042B95B /* ViewController.swift in Sources */ = {isa = PBXBuildFile; fileRef = B195E2D91DDC5A4A0042B95B /* ViewController.swift */; };
		B195E2DD1DDC5A4A0042B95B /* Main.storyboard in Resources */ = {isa = PBXBuildFile; fileRef = B195E2DB1DDC5A4A0042B95B /* Main.storyboard */; };
		B195E2DF1DDC5A4B0042B95B /* Assets.xcassets in Resources */ = {isa = PBXBuildFile; fileRef = B195E2DE1DDC5A4B0042B95B /* Assets.xcassets */; };
		B195E2E21DDC5A4B0042B95B /* LaunchScreen.storyboard in Resources */ = {isa = PBXBuildFile; fileRef = B195E2E01DDC5A4B0042B95B /* LaunchScreen.storyboard */; };
		B1A1EF521DE1D2B500AECC0D /* Layout.swift in Sources */ = {isa = PBXBuildFile; fileRef = B1A1EF511DE1D2B500AECC0D /* Layout.swift */; };
		B1A1EF541DE1D51700AECC0D /* AI.swift in Sources */ = {isa = PBXBuildFile; fileRef = B1A1EF531DE1D51700AECC0D /* AI.swift */; };
		B1A1EF561DE1DC5D00AECC0D /* SwiftyQueue.swift in Sources */ = {isa = PBXBuildFile; fileRef = B1A1EF551DE1DC5D00AECC0D /* SwiftyQueue.swift */; };
		B1B738951E0D30E50007F97E /* RawAI.swift in Sources */ = {isa = PBXBuildFile; fileRef = B18C49D01E0C3A020052E5ED /* RawAI.swift */; };
		BAC8DFBB45EFAD209384EE13 /* Pods_Klotski.framework in Frameworks */ = {isa = PBXBuildFile; fileRef = 382FDB74FE5FC1FDB1A59DC6 /* Pods_Klotski.framework */; };
/* End PBXBuildFile section */

/* Begin PBXContainerItemProxy section */
		B15B482B1E0B698100B3C525 /* PBXContainerItemProxy */ = {
			isa = PBXContainerItemProxy;
			containerPortal = B195E2CC1DDC5A4A0042B95B /* Project object */;
			proxyType = 1;
			remoteGlobalIDString = B195E2D31DDC5A4A0042B95B;
			remoteInfo = Klotski;
		};
/* End PBXContainerItemProxy section */

/* Begin PBXFileReference section */
		2F041F586CBEC9A00B9FF975 /* Pods-Klotski.debug.xcconfig */ = {isa = PBXFileReference; includeInIndex = 1; lastKnownFileType = text.xcconfig; name = "Pods-Klotski.debug.xcconfig"; path = "Pods/Target Support Files/Pods-Klotski/Pods-Klotski.debug.xcconfig"; sourceTree = "<group>"; };
		382FDB74FE5FC1FDB1A59DC6 /* Pods_Klotski.framework */ = {isa = PBXFileReference; explicitFileType = wrapper.framework; includeInIndex = 0; path = Pods_Klotski.framework; sourceTree = BUILT_PRODUCTS_DIR; };
		B159C4311E093B4100520E53 /* Person.swift */ = {isa = PBXFileReference; fileEncoding = 4; lastKnownFileType = sourcecode.swift; path = Person.swift; sourceTree = "<group>"; };
		B15B48201E0B5E7E00B3C525 /* Random.swift */ = {isa = PBXFileReference; fileEncoding = 4; lastKnownFileType = sourcecode.swift; path = Random.swift; sourceTree = "<group>"; };
		B15B48261E0B698100B3C525 /* KlotskiTests.xctest */ = {isa = PBXFileReference; explicitFileType = wrapper.cfbundle; includeInIndex = 0; path = KlotskiTests.xctest; sourceTree = BUILT_PRODUCTS_DIR; };
		B15B48281E0B698100B3C525 /* KlotskiTests.swift */ = {isa = PBXFileReference; lastKnownFileType = sourcecode.swift; path = KlotskiTests.swift; sourceTree = "<group>"; };
		B15B482A1E0B698100B3C525 /* Info.plist */ = {isa = PBXFileReference; lastKnownFileType = text.plist.xml; path = Info.plist; sourceTree = "<group>"; };
		B18C49D01E0C3A020052E5ED /* RawAI.swift */ = {isa = PBXFileReference; fileEncoding = 4; lastKnownFileType = sourcecode.swift; path = RawAI.swift; sourceTree = "<group>"; };
		B18C49D21E0C4E430052E5ED /* Block.swift */ = {isa = PBXFileReference; fileEncoding = 4; lastKnownFileType = sourcecode.swift; path = Block.swift; sourceTree = "<group>"; };
		B195E2D41DDC5A4A0042B95B /* Klotski.app */ = {isa = PBXFileReference; explicitFileType = wrapper.application; includeInIndex = 0; path = Klotski.app; sourceTree = BUILT_PRODUCTS_DIR; };
		B195E2D71DDC5A4A0042B95B /* AppDelegate.swift */ = {isa = PBXFileReference; lastKnownFileType = sourcecode.swift; path = AppDelegate.swift; sourceTree = "<group>"; };
		B195E2D91DDC5A4A0042B95B /* ViewController.swift */ = {isa = PBXFileReference; lastKnownFileType = sourcecode.swift; path = ViewController.swift; sourceTree = "<group>"; };
		B195E2DC1DDC5A4A0042B95B /* Base */ = {isa = PBXFileReference; lastKnownFileType = file.storyboard; name = Base; path = Base.lproj/Main.storyboard; sourceTree = "<group>"; };
		B195E2DE1DDC5A4B0042B95B /* Assets.xcassets */ = {isa = PBXFileReference; lastKnownFileType = folder.assetcatalog; path = Assets.xcassets; sourceTree = "<group>"; };
		B195E2E11DDC5A4B0042B95B /* Base */ = {isa = PBXFileReference; lastKnownFileType = file.storyboard; name = Base; path = Base.lproj/LaunchScreen.storyboard; sourceTree = "<group>"; };
		B195E2E31DDC5A4B0042B95B /* Info.plist */ = {isa = PBXFileReference; lastKnownFileType = text.plist.xml; path = Info.plist; sourceTree = "<group>"; };
		B1A1EF511DE1D2B500AECC0D /* Layout.swift */ = {isa = PBXFileReference; fileEncoding = 4; lastKnownFileType = sourcecode.swift; path = Layout.swift; sourceTree = "<group>"; };
		B1A1EF531DE1D51700AECC0D /* AI.swift */ = {isa = PBXFileReference; fileEncoding = 4; lastKnownFileType = sourcecode.swift; path = AI.swift; sourceTree = "<group>"; };
		B1A1EF551DE1DC5D00AECC0D /* SwiftyQueue.swift */ = {isa = PBXFileReference; fileEncoding = 4; lastKnownFileType = sourcecode.swift; path = SwiftyQueue.swift; sourceTree = "<group>"; };
		B6DA5BB1B44812FA70E638B9 /* Pods-Klotski.release.xcconfig */ = {isa = PBXFileReference; includeInIndex = 1; lastKnownFileType = text.xcconfig; name = "Pods-Klotski.release.xcconfig"; path = "Pods/Target Support Files/Pods-Klotski/Pods-Klotski.release.xcconfig"; sourceTree = "<group>"; };
/* End PBXFileReference section */

/* Begin PBXFrameworksBuildPhase section */
		B15B48231E0B698100B3C525 /* Frameworks */ = {
			isa = PBXFrameworksBuildPhase;
			buildActionMask = 2147483647;
			files = (
			);
			runOnlyForDeploymentPostprocessing = 0;
		};
		B195E2D11DDC5A4A0042B95B /* Frameworks */ = {
			isa = PBXFrameworksBuildPhase;
			buildActionMask = 2147483647;
			files = (
				BAC8DFBB45EFAD209384EE13 /* Pods_Klotski.framework in Frameworks */,
			);
			runOnlyForDeploymentPostprocessing = 0;
		};
/* End PBXFrameworksBuildPhase section */

/* Begin PBXGroup section */
		2BA00913D16D2551F38A323F /* Pods */ = {
			isa = PBXGroup;
			children = (
				2F041F586CBEC9A00B9FF975 /* Pods-Klotski.debug.xcconfig */,
				B6DA5BB1B44812FA70E638B9 /* Pods-Klotski.release.xcconfig */,
			);
			name = Pods;
			sourceTree = "<group>";
		};
		6E1E2CCC2889EC480AE10578 /* Frameworks */ = {
			isa = PBXGroup;
			children = (
				382FDB74FE5FC1FDB1A59DC6 /* Pods_Klotski.framework */,
			);
			name = Frameworks;
			sourceTree = "<group>";
		};
		B15B48271E0B698100B3C525 /* KlotskiTests */ = {
			isa = PBXGroup;
			children = (
				B15B48281E0B698100B3C525 /* KlotskiTests.swift */,
				B15B482A1E0B698100B3C525 /* Info.plist */,
			);
			path = KlotskiTests;
			sourceTree = "<group>";
		};
		B195E2CB1DDC5A4A0042B95B = {
			isa = PBXGroup;
			children = (
				B195E2D61DDC5A4A0042B95B /* Klotski */,
				B15B48271E0B698100B3C525 /* KlotskiTests */,
				B195E2D51DDC5A4A0042B95B /* Products */,
				2BA00913D16D2551F38A323F /* Pods */,
				6E1E2CCC2889EC480AE10578 /* Frameworks */,
			);
			sourceTree = "<group>";
		};
		B195E2D51DDC5A4A0042B95B /* Products */ = {
			isa = PBXGroup;
			children = (
				B195E2D41DDC5A4A0042B95B /* Klotski.app */,
				B15B48261E0B698100B3C525 /* KlotskiTests.xctest */,
			);
			name = Products;
			sourceTree = "<group>";
		};
		B195E2D61DDC5A4A0042B95B /* Klotski */ = {
			isa = PBXGroup;
			children = (
				B195E2D71DDC5A4A0042B95B /* AppDelegate.swift */,
				B195E2D91DDC5A4A0042B95B /* ViewController.swift */,
				B15B48201E0B5E7E00B3C525 /* Random.swift */,
				B1A1EF511DE1D2B500AECC0D /* Layout.swift */,
				B159C4311E093B4100520E53 /* Person.swift */,
				B1A1EF531DE1D51700AECC0D /* AI.swift */,
				B18C49D01E0C3A020052E5ED /* RawAI.swift */,
				B18C49D21E0C4E430052E5ED /* Block.swift */,
				B1A1EF551DE1DC5D00AECC0D /* SwiftyQueue.swift */,
				B195E2DB1DDC5A4A0042B95B /* Main.storyboard */,
				B195E2DE1DDC5A4B0042B95B /* Assets.xcassets */,
				B195E2E01DDC5A4B0042B95B /* LaunchScreen.storyboard */,
				B195E2E31DDC5A4B0042B95B /* Info.plist */,
			);
			path = Klotski;
			sourceTree = "<group>";
		};
/* End PBXGroup section */

/* Begin PBXNativeTarget section */
		B15B48251E0B698100B3C525 /* KlotskiTests */ = {
			isa = PBXNativeTarget;
			buildConfigurationList = B15B482D1E0B698100B3C525 /* Build configuration list for PBXNativeTarget "KlotskiTests" */;
			buildPhases = (
				B15B48221E0B698100B3C525 /* Sources */,
				B15B48231E0B698100B3C525 /* Frameworks */,
				B15B48241E0B698100B3C525 /* Resources */,
			);
			buildRules = (
			);
			dependencies = (
				B15B482C1E0B698100B3C525 /* PBXTargetDependency */,
			);
			name = KlotskiTests;
			productName = KlotskiTests;
			productReference = B15B48261E0B698100B3C525 /* KlotskiTests.xctest */;
			productType = "com.apple.product-type.bundle.unit-test";
		};
		B195E2D31DDC5A4A0042B95B /* Klotski */ = {
			isa = PBXNativeTarget;
			buildConfigurationList = B195E2E61DDC5A4B0042B95B /* Build configuration list for PBXNativeTarget "Klotski" */;
			buildPhases = (
				B2DA9F079DAF434D4D89C754 /* [CP] Check Pods Manifest.lock */,
				B195E2D01DDC5A4A0042B95B /* Sources */,
				B195E2D11DDC5A4A0042B95B /* Frameworks */,
				B195E2D21DDC5A4A0042B95B /* Resources */,
				A7015E35F624AE0F03380176 /* [CP] Embed Pods Frameworks */,
				8A1226DE32D23AC15F779AC1 /* [CP] Copy Pods Resources */,
			);
			buildRules = (
			);
			dependencies = (
			);
			name = Klotski;
			productName = Klotski;
			productReference = B195E2D41DDC5A4A0042B95B /* Klotski.app */;
			productType = "com.apple.product-type.application";
		};
/* End PBXNativeTarget section */

/* Begin PBXProject section */
		B195E2CC1DDC5A4A0042B95B /* Project object */ = {
			isa = PBXProject;
			attributes = {
				LastSwiftUpdateCheck = 0820;
				LastUpgradeCheck = 0820;
				ORGANIZATIONNAME = allenx;
				TargetAttributes = {
					B15B48251E0B698100B3C525 = {
						CreatedOnToolsVersion = 8.2;
						DevelopmentTeam = N777F9PD46;
						ProvisioningStyle = Automatic;
						TestTargetID = B195E2D31DDC5A4A0042B95B;
					};
					B195E2D31DDC5A4A0042B95B = {
						CreatedOnToolsVersion = 8.2;
						DevelopmentTeam = N777F9PD46;
						ProvisioningStyle = Automatic;
					};
				};
			};
			buildConfigurationList = B195E2CF1DDC5A4A0042B95B /* Build configuration list for PBXProject "Klotski" */;
			compatibilityVersion = "Xcode 3.2";
			developmentRegion = English;
			hasScannedForEncodings = 0;
			knownRegions = (
				en,
				Base,
			);
			mainGroup = B195E2CB1DDC5A4A0042B95B;
			productRefGroup = B195E2D51DDC5A4A0042B95B /* Products */;
			projectDirPath = "";
			projectRoot = "";
			targets = (
				B195E2D31DDC5A4A0042B95B /* Klotski */,
				B15B48251E0B698100B3C525 /* KlotskiTests */,
			);
		};
/* End PBXProject section */

/* Begin PBXResourcesBuildPhase section */
		B15B48241E0B698100B3C525 /* Resources */ = {
			isa = PBXResourcesBuildPhase;
			buildActionMask = 2147483647;
			files = (
			);
			runOnlyForDeploymentPostprocessing = 0;
		};
		B195E2D21DDC5A4A0042B95B /* Resources */ = {
			isa = PBXResourcesBuildPhase;
			buildActionMask = 2147483647;
			files = (
				B195E2E21DDC5A4B0042B95B /* LaunchScreen.storyboard in Resources */,
				B195E2DF1DDC5A4B0042B95B /* Assets.xcassets in Resources */,
				B195E2DD1DDC5A4A0042B95B /* Main.storyboard in Resources */,
			);
			runOnlyForDeploymentPostprocessing = 0;
		};
/* End PBXResourcesBuildPhase section */

/* Begin PBXShellScriptBuildPhase section */
		8A1226DE32D23AC15F779AC1 /* [CP] Copy Pods Resources */ = {
			isa = PBXShellScriptBuildPhase;
			buildActionMask = 2147483647;
			files = (
			);
			inputPaths = (
			);
			name = "[CP] Copy Pods Resources";
			outputPaths = (
			);
			runOnlyForDeploymentPostprocessing = 0;
			shellPath = /bin/sh;
			shellScript = "\"${SRCROOT}/Pods/Target Support Files/Pods-Klotski/Pods-Klotski-resources.sh\"\n";
			showEnvVarsInLog = 0;
		};
		A7015E35F624AE0F03380176 /* [CP] Embed Pods Frameworks */ = {
			isa = PBXShellScriptBuildPhase;
			buildActionMask = 2147483647;
			files = (
			);
			inputPaths = (
			);
			name = "[CP] Embed Pods Frameworks";
			outputPaths = (
			);
			runOnlyForDeploymentPostprocessing = 0;
			shellPath = /bin/sh;
			shellScript = "\"${SRCROOT}/Pods/Target Support Files/Pods-Klotski/Pods-Klotski-frameworks.sh\"\n";
			showEnvVarsInLog = 0;
		};
		B2DA9F079DAF434D4D89C754 /* [CP] Check Pods Manifest.lock */ = {
			isa = PBXShellScriptBuildPhase;
			buildActionMask = 2147483647;
			files = (
			);
			inputPaths = (
			);
			name = "[CP] Check Pods Manifest.lock";
			outputPaths = (
			);
			runOnlyForDeploymentPostprocessing = 0;
			shellPath = /bin/sh;
			shellScript = "diff \"${PODS_ROOT}/../Podfile.lock\" \"${PODS_ROOT}/Manifest.lock\" > /dev/null\nif [ $? != 0 ] ; then\n    # print error to STDERR\n    echo \"error: The sandbox is not in sync with the Podfile.lock. Run 'pod install' or update your CocoaPods installation.\" >&2\n    exit 1\nfi\n";
			showEnvVarsInLog = 0;
		};
/* End PBXShellScriptBuildPhase section */

/* Begin PBXSourcesBuildPhase section */
		B15B48221E0B698100B3C525 /* Sources */ = {
			isa = PBXSourcesBuildPhase;
			buildActionMask = 2147483647;
			files = (
				B15B48311E0B6A6D00B3C525 /* Person.swift in Sources */,
				B18C49D41E0C4E430052E5ED /* Block.swift in Sources */,
				B1B738951E0D30E50007F97E /* RawAI.swift in Sources */,
				B15B48321E0B6A7000B3C525 /* Layout.swift in Sources */,
				B15B48331E0B6A7300B3C525 /* Random.swift in Sources */,
				B15B48341E0B6A9300B3C525 /* SwiftyQueue.swift in Sources */,
				B15B48291E0B698100B3C525 /* KlotskiTests.swift in Sources */,
				B15B48301E0B6A6A00B3C525 /* AI.swift in Sources */,
			);
			runOnlyForDeploymentPostprocessing = 0;
		};
		B195E2D01DDC5A4A0042B95B /* Sources */ = {
			isa = PBXSourcesBuildPhase;
			buildActionMask = 2147483647;
			files = (
				B15B48211E0B5E7E00B3C525 /* Random.swift in Sources */,
				B195E2DA1DDC5A4A0042B95B /* ViewController.swift in Sources */,
				B1A1EF521DE1D2B500AECC0D /* Layout.swift in Sources */,
				B1A1EF561DE1DC5D00AECC0D /* SwiftyQueue.swift in Sources */,
				B159C4321E093B4100520E53 /* Person.swift in Sources */,
				B1A1EF541DE1D51700AECC0D /* AI.swift in Sources */,
				B18C49D31E0C4E430052E5ED /* Block.swift in Sources */,
				B195E2D81DDC5A4A0042B95B /* AppDelegate.swift in Sources */,
				B18C49D11E0C3A030052E5ED /* RawAI.swift in Sources */,
			);
			runOnlyForDeploymentPostprocessing = 0;
		};
/* End PBXSourcesBuildPhase section */

/* Begin PBXTargetDependency section */
		B15B482C1E0B698100B3C525 /* PBXTargetDependency */ = {
			isa = PBXTargetDependency;
			target = B195E2D31DDC5A4A0042B95B /* Klotski */;
			targetProxy = B15B482B1E0B698100B3C525 /* PBXContainerItemProxy */;
		};
/* End PBXTargetDependency section */

/* Begin PBXVariantGroup section */
		B195E2DB1DDC5A4A0042B95B /* Main.storyboard */ = {
			isa = PBXVariantGroup;
			children = (
				B195E2DC1DDC5A4A0042B95B /* Base */,
			);
			name = Main.storyboard;
			sourceTree = "<group>";
		};
		B195E2E01DDC5A4B0042B95B /* LaunchScreen.storyboard */ = {
			isa = PBXVariantGroup;
			children = (
				B195E2E11DDC5A4B0042B95B /* Base */,
			);
			name = LaunchScreen.storyboard;
			sourceTree = "<group>";
		};
/* End PBXVariantGroup section */

/* Begin XCBuildConfiguration section */
		B15B482E1E0B698100B3C525 /* Debug */ = {
			isa = XCBuildConfiguration;
			buildSettings = {
				BUNDLE_LOADER = "$(TEST_HOST)";
				DEVELOPMENT_TEAM = N777F9PD46;
				INFOPLIST_FILE = KlotskiTests/Info.plist;
				LD_RUNPATH_SEARCH_PATHS = "$(inherited) @executable_path/Frameworks @loader_path/Frameworks";
				PRODUCT_BUNDLE_IDENTIFIER = com.allenx.KlotskiTests;
				PRODUCT_NAME = "$(TARGET_NAME)";
				SWIFT_VERSION = 3.0;
				TEST_HOST = "$(BUILT_PRODUCTS_DIR)/Klotski.app/Klotski";
			};
			name = Debug;
		};
		B15B482F1E0B698100B3C525 /* Release */ = {
			isa = XCBuildConfiguration;
			buildSettings = {
				BUNDLE_LOADER = "$(TEST_HOST)";
				DEVELOPMENT_TEAM = N777F9PD46;
				INFOPLIST_FILE = KlotskiTests/Info.plist;
				LD_RUNPATH_SEARCH_PATHS = "$(inherited) @executable_path/Frameworks @loader_path/Frameworks";
				PRODUCT_BUNDLE_IDENTIFIER = com.allenx.KlotskiTests;
				PRODUCT_NAME = "$(TARGET_NAME)";
				SWIFT_VERSION = 3.0;
				TEST_HOST = "$(BUILT_PRODUCTS_DIR)/Klotski.app/Klotski";
			};
			name = Release;
		};
		B195E2E41DDC5A4B0042B95B /* Debug */ = {
			isa = XCBuildConfiguration;
			buildSettings = {
				ALWAYS_SEARCH_USER_PATHS = NO;
				CLANG_ANALYZER_NONNULL = YES;
				CLANG_CXX_LANGUAGE_STANDARD = "gnu++0x";
				CLANG_CXX_LIBRARY = "libc++";
				CLANG_ENABLE_MODULES = YES;
				CLANG_ENABLE_OBJC_ARC = YES;
				CLANG_WARN_BOOL_CONVERSION = YES;
				CLANG_WARN_CONSTANT_CONVERSION = YES;
				CLANG_WARN_DIRECT_OBJC_ISA_USAGE = YES_ERROR;
				CLANG_WARN_DOCUMENTATION_COMMENTS = YES;
				CLANG_WARN_EMPTY_BODY = YES;
				CLANG_WARN_ENUM_CONVERSION = YES;
				CLANG_WARN_INFINITE_RECURSION = YES;
				CLANG_WARN_INT_CONVERSION = YES;
				CLANG_WARN_OBJC_ROOT_CLASS = YES_ERROR;
				CLANG_WARN_SUSPICIOUS_MOVE = YES;
				CLANG_WARN_UNREACHABLE_CODE = YES;
				CLANG_WARN__DUPLICATE_METHOD_MATCH = YES;
				"CODE_SIGN_IDENTITY[sdk=iphoneos*]" = "iPhone Developer";
				COPY_PHASE_STRIP = NO;
				DEBUG_INFORMATION_FORMAT = dwarf;
				ENABLE_STRICT_OBJC_MSGSEND = YES;
				ENABLE_TESTABILITY = YES;
				GCC_C_LANGUAGE_STANDARD = gnu99;
				GCC_DYNAMIC_NO_PIC = NO;
				GCC_NO_COMMON_BLOCKS = YES;
				GCC_OPTIMIZATION_LEVEL = 0;
				GCC_PREPROCESSOR_DEFINITIONS = (
					"DEBUG=1",
					"$(inherited)",
				);
				GCC_WARN_64_TO_32_BIT_CONVERSION = YES;
				GCC_WARN_ABOUT_RETURN_TYPE = YES_ERROR;
				GCC_WARN_UNDECLARED_SELECTOR = YES;
				GCC_WARN_UNINITIALIZED_AUTOS = YES_AGGRESSIVE;
				GCC_WARN_UNUSED_FUNCTION = YES;
				GCC_WARN_UNUSED_VARIABLE = YES;
				IPHONEOS_DEPLOYMENT_TARGET = 10.2;
				MTL_ENABLE_DEBUG_INFO = YES;
				ONLY_ACTIVE_ARCH = YES;
				SDKROOT = iphoneos;
				SWIFT_ACTIVE_COMPILATION_CONDITIONS = DEBUG;
				SWIFT_OPTIMIZATION_LEVEL = "-Onone";
				TARGETED_DEVICE_FAMILY = "1,2";
			};
			name = Debug;
		};
		B195E2E51DDC5A4B0042B95B /* Release */ = {
			isa = XCBuildConfiguration;
			buildSettings = {
				ALWAYS_SEARCH_USER_PATHS = NO;
				CLANG_ANALYZER_NONNULL = YES;
				CLANG_CXX_LANGUAGE_STANDARD = "gnu++0x";
				CLANG_CXX_LIBRARY = "libc++";
				CLANG_ENABLE_MODULES = YES;
				CLANG_ENABLE_OBJC_ARC = YES;
				CLANG_WARN_BOOL_CONVERSION = YES;
				CLANG_WARN_CONSTANT_CONVERSION = YES;
				CLANG_WARN_DIRECT_OBJC_ISA_USAGE = YES_ERROR;
				CLANG_WARN_DOCUMENTATION_COMMENTS = YES;
				CLANG_WARN_EMPTY_BODY = YES;
				CLANG_WARN_ENUM_CONVERSION = YES;
				CLANG_WARN_INFINITE_RECURSION = YES;
				CLANG_WARN_INT_CONVERSION = YES;
				CLANG_WARN_OBJC_ROOT_CLASS = YES_ERROR;
				CLANG_WARN_SUSPICIOUS_MOVE = YES;
				CLANG_WARN_UNREACHABLE_CODE = YES;
				CLANG_WARN__DUPLICATE_METHOD_MATCH = YES;
				"CODE_SIGN_IDENTITY[sdk=iphoneos*]" = "iPhone Developer";
				COPY_PHASE_STRIP = NO;
				DEBUG_INFORMATION_FORMAT = "dwarf-with-dsym";
				ENABLE_NS_ASSERTIONS = NO;
				ENABLE_STRICT_OBJC_MSGSEND = YES;
				GCC_C_LANGUAGE_STANDARD = gnu99;
				GCC_NO_COMMON_BLOCKS = YES;
				GCC_WARN_64_TO_32_BIT_CONVERSION = YES;
				GCC_WARN_ABOUT_RETURN_TYPE = YES_ERROR;
				GCC_WARN_UNDECLARED_SELECTOR = YES;
				GCC_WARN_UNINITIALIZED_AUTOS = YES_AGGRESSIVE;
				GCC_WARN_UNUSED_FUNCTION = YES;
				GCC_WARN_UNUSED_VARIABLE = YES;
				IPHONEOS_DEPLOYMENT_TARGET = 10.2;
				MTL_ENABLE_DEBUG_INFO = NO;
				SDKROOT = iphoneos;
				SWIFT_OPTIMIZATION_LEVEL = "-Owholemodule";
				TARGETED_DEVICE_FAMILY = "1,2";
				VALIDATE_PRODUCT = YES;
			};
			name = Release;
		};
		B195E2E71DDC5A4B0042B95B /* Debug */ = {
			isa = XCBuildConfiguration;
			baseConfigurationReference = 2F041F586CBEC9A00B9FF975 /* Pods-Klotski.debug.xcconfig */;
			buildSettings = {
				ALWAYS_EMBED_SWIFT_STANDARD_LIBRARIES = YES;
				ASSETCATALOG_COMPILER_APPICON_NAME = AppIcon;
				DEVELOPMENT_TEAM = N777F9PD46;
				INFOPLIST_FILE = Klotski/Info.plist;
				LD_RUNPATH_SEARCH_PATHS = "$(inherited) @executable_path/Frameworks";
				PRODUCT_BUNDLE_IDENTIFIER = com.allenx.Klotski;
				PRODUCT_NAME = "$(TARGET_NAME)";
				SWIFT_VERSION = 3.0;
			};
			name = Debug;
		};
		B195E2E81DDC5A4B0042B95B /* Release */ = {
			isa = XCBuildConfiguration;
			baseConfigurationReference = B6DA5BB1B44812FA70E638B9 /* Pods-Klotski.release.xcconfig */;
			buildSettings = {
				ALWAYS_EMBED_SWIFT_STANDARD_LIBRARIES = YES;
				ASSETCATALOG_COMPILER_APPICON_NAME = AppIcon;
				DEVELOPMENT_TEAM = N777F9PD46;
				INFOPLIST_FILE = Klotski/Info.plist;
				LD_RUNPATH_SEARCH_PATHS = "$(inherited) @executable_path/Frameworks";
				PRODUCT_BUNDLE_IDENTIFIER = com.allenx.Klotski;
				PRODUCT_NAME = "$(TARGET_NAME)";
				SWIFT_VERSION = 3.0;
			};
			name = Release;
		};
/* End XCBuildConfiguration section */

/* Begin XCConfigurationList section */
		B15B482D1E0B698100B3C525 /* Build configuration list for PBXNativeTarget "KlotskiTests" */ = {
			isa = XCConfigurationList;
			buildConfigurations = (
				B15B482E1E0B698100B3C525 /* Debug */,
				B15B482F1E0B698100B3C525 /* Release */,
			);
			defaultConfigurationIsVisible = 0;
			defaultConfigurationName = Release;
		};
		B195E2CF1DDC5A4A0042B95B /* Build configuration list for PBXProject "Klotski" */ = {
			isa = XCConfigurationList;
			buildConfigurations = (
				B195E2E41DDC5A4B0042B95B /* Debug */,
				B195E2E51DDC5A4B0042B95B /* Release */,
			);
			defaultConfigurationIsVisible = 0;
			defaultConfigurationName = Release;
		};
		B195E2E61DDC5A4B0042B95B /* Build configuration list for PBXNativeTarget "Klotski" */ = {
			isa = XCConfigurationList;
			buildConfigurations = (
				B195E2E71DDC5A4B0042B95B /* Debug */,
				B195E2E81DDC5A4B0042B95B /* Release */,
			);
			defaultConfigurationIsVisible = 0;
			defaultConfigurationName = Release;
		};
/* End XCConfigurationList section */
	};
	rootObject = B195E2CC1DDC5A4A0042B95B /* Project object */;
}
